{
  "originHash" : "1bce83be7f64ec4d30594f7d0593d7d6dcc88b5a6ffd38fd9e47d8a529f380d7",
  "pins" : [
    {
      "identity" : "capacitor-swift-pm",
      "kind" : "remoteSourceControl",
      "location" : "https://github.com/ionic-team/capacitor-swift-pm.git",
      "state" : {
        "revision" : "13a39179b3df796f3bb2e70c47ccdd92593f34d2",
        "version" : "8.0.2"
      }
    },
    {
      "identity" : "ion-ios-filesystem",
      "kind" : "remoteSourceControl",
      "location" : "https://github.com/ionic-team/ion-ios-filesystem.git",
      "state" : {
        "revision" : "c35d468ded28a19e6322de8553c21578455aa554",
        "version" : "1.1.1"
      }
    },
    {
      "identity" : "ion-ios-geolocation",
      "kind" : "remoteSourceControl",
      "location" : "https://github.com/ionic-team/ion-ios-geolocation.git",
      "state" : {
        "revision" : "5b722138d4ddc81275e0405acfd812a497519970",
        "version" : "2.0.0"
      }
    }
  ],
  "version" : 3
}
